
Microsoft Visual Studio Solution File, Format Version 12.00
# Visual Studio Version 16
VisualStudioVersion = 16.0.30011.22
MinimumVisualStudioVersion = 10.0.40219.1
Project("{FAE04EC0-301F-11D3-BF4B-00C04F79EFBC}") = "Akaryakit-Projesi", "Akaryakit-Projesi\Akaryakit-Projesi.csproj", "{FFAF48B1-6CFC-4C90-AC30-14B7DA384969}"
EndProject
Global
	GlobalSection(SolutionConfigurationPlatforms) = preSolution
		Debug|Any CPU = Debug|Any CPU
		Release|Any CPU = Release|Any CPU
	EndGlobalSection
	GlobalSection(ProjectConfigurationPlatforms) = postSolution
		{FFAF48B1-6CFC-4C90-AC30-14B7DA384969}.Debug|Any CPU.ActiveCfg = Debug|Any CPU
		{FFAF48B1-6CFC-4C90-AC30-14B7DA384969}.Debug|Any CPU.Build.0 = Debug|Any CPU
		{FFAF48B1-6CFC-4C90-AC30-14B7DA384969}.Release|Any CPU.ActiveCfg = Release|Any CPU
		{FFAF48B1-6CFC-4C90-AC30-14B7DA384969}.Release|Any CPU.Build.0 = Release|Any CPU
	EndGlobalSection
	GlobalSection(SolutionProperties) = preSolution
		HideSolutionNode = FALSE
	EndGlobalSection
	GlobalSection(ExtensibilityGlobals) = postSolution
		SolutionGuid = {67F56ACD-97AE-449A-97FE-A06D2F26C11A}
	EndGlobalSection
EndGlobal
